// !$*UTF8*$!
{
	archiveVersion = 1;
	classes = {
	};
	objectVersion = 50;
	objects = {

/* Begin PBXBuildFile section */
		CEE3763B24CD0EC400DF0556 /* AppDelegate.swift in Sources */ = {isa = PBXBuildFile; fileRef = CEE3763A24CD0EC400DF0556 /* AppDelegate.swift */; };
		CEE3763D24CD0EC400DF0556 /* SceneDelegate.swift in Sources */ = {isa = PBXBuildFile; fileRef = CEE3763C24CD0EC400DF0556 /* SceneDelegate.swift */; };
		CEE3763F24CD0EC400DF0556 /* ViewController.swift in Sources */ = {isa = PBXBuildFile; fileRef = CEE3763E24CD0EC400DF0556 /* ViewController.swift */; };
		CEE3764224CD0EC400DF0556 /* Main.storyboard in Resources */ = {isa = PBXBuildFile; fileRef = CEE3764024CD0EC400DF0556 /* Main.storyboard */; };
		CEE3764424CD0EC600DF0556 /* Assets.xcassets in Resources */ = {isa = PBXBuildFile; fileRef = CEE3764324CD0EC600DF0556 /* Assets.xcassets */; };
		CEE3764724CD0EC600DF0556 /* LaunchScreen.storyboard in Resources */ = {isa = PBXBuildFile; fileRef = CEE3764524CD0EC600DF0556 /* LaunchScreen.storyboard */; };
		CEE3765224CD0EC600DF0556 /* SlideshowAppTests.swift in Sources */ = {isa = PBXBuildFile; fileRef = CEE3765124CD0EC600DF0556 /* SlideshowAppTests.swift */; };
		CEE3765D24CD0EC600DF0556 /* SlideshowAppUITests.swift in Sources */ = {isa = PBXBuildFile; fileRef = CEE3765C24CD0EC600DF0556 /* SlideshowAppUITests.swift */; };
		CEE3766B24CDAC3A00DF0556 /* ShowPictureViewController.swift in Sources */ = {isa = PBXBuildFile; fileRef = CEE3766A24CDAC3A00DF0556 /* ShowPictureViewController.swift */; };
/* End PBXBuildFile section */

/* Begin PBXContainerItemProxy section */
		CEE3764E24CD0EC600DF0556 /* PBXContainerItemProxy */ = {
			isa = PBXContainerItemProxy;
			containerPortal = CEE3762F24CD0EC400DF0556 /* Project object */;
			proxyType = 1;
			remoteGlobalIDString = CEE3763624CD0EC400DF0556;
			remoteInfo = SlideshowApp;
		};
		CEE3765924CD0EC600DF0556 /* PBXContainerItemProxy */ = {
			isa = PBXContainerItemProxy;
			containerPortal = CEE3762F24CD0EC400DF0556 /* Project object */;
			proxyType = 1;
			remoteGlobalIDString = CEE3763624CD0EC400DF0556;
			remoteInfo = SlideshowApp;
		};
/* End PBXContainerItemProxy section */

/* Begin PBXFileReference section */
		CEE3763724CD0EC400DF0556 /* SlideshowApp.app */ = {isa = PBXFileReference; explicitFileType = wrapper.application; includeInIndex = 0; path = SlideshowApp.app; sourceTree = BUILT_PRODUCTS_DIR; };
		CEE3763A24CD0EC400DF0556 /* AppDelegate.swift */ = {isa = PBXFileReference; lastKnownFileType = sourcecode.swift; path = AppDelegate.swift; sourceTree = "<group>"; };
		CEE3763C24CD0EC400DF0556 /* SceneDelegate.swift */ = {isa = PBXFileReference; lastKnownFileType = sourcecode.swift; path = SceneDelegate.swift; sourceTree = "<group>"; };
		CEE3763E24CD0EC400DF0556 /* ViewController.swift */ = {isa = PBXFileReference; lastKnownFileType = sourcecode.swift; path = ViewController.swift; sourceTree = "<group>"; };
		CEE3764124CD0EC400DF0556 /* Base */ = {isa = PBXFileReference; lastKnownFileType = file.storyboard; name = Base; path = Base.lproj/Main.storyboard; sourceTree = "<group>"; };
		CEE3764324CD0EC600DF0556 /* Assets.xcassets */ = {isa = PBXFileReference; lastKnownFileType = folder.assetcatalog; path = Assets.xcassets; sourceTree = "<group>"; };
		CEE3764624CD0EC600DF0556 /* Base */ = {isa = PBXFileReference; lastKnownFileType = file.storyboard; name = Base; path = Base.lproj/LaunchScreen.storyboard; sourceTree = "<group>"; };
		CEE3764824CD0EC600DF0556 /* Info.plist */ = {isa = PBXFileReference; lastKnownFileType = text.plist.xml; path = Info.plist; sourceTree = "<group>"; };
		CEE3764D24CD0EC600DF0556 /* SlideshowAppTests.xctest */ = {isa = PBXFileReference; explicitFileType = wrapper.cfbundle; includeInIndex = 0; path = SlideshowAppTests.xctest; sourceTree = BUILT_PRODUCTS_DIR; };
		CEE3765124CD0EC600DF0556 /* SlideshowAppTests.swift */ = {isa = PBXFileReference; lastKnownFileType = sourcecode.swift; path = SlideshowAppTests.swift; sourceTree = "<group>"; };
		CEE3765324CD0EC600DF0556 /* Info.plist */ = {isa = PBXFileReference; lastKnownFileType = text.plist.xml; path = Info.plist; sourceTree = "<group>"; };
		CEE3765824CD0EC600DF0556 /* SlideshowAppUITests.xctest */ = {isa = PBXFileReference; explicitFileType = wrapper.cfbundle; includeInIndex = 0; path = SlideshowAppUITests.xctest; sourceTree = BUILT_PRODUCTS_DIR; };
		CEE3765C24CD0EC600DF0556 /* SlideshowAppUITests.swift */ = {isa = PBXFileReference; lastKnownFileType = sourcecode.swift; path = SlideshowAppUITests.swift; sourceTree = "<group>"; };
		CEE3765E24CD0EC600DF0556 /* Info.plist */ = {isa = PBXFileReference; lastKnownFileType = text.plist.xml; path = Info.plist; sourceTree = "<group>"; };
		CEE3766A24CDAC3A00DF0556 /* ShowPictureViewController.swift */ = {isa = PBXFileReference; lastKnownFileType = sourcecode.swift; path = ShowPictureViewController.swift; sourceTree = "<group>"; };
/* End PBXFileReference section */

/* Begin PBXFrameworksBuildPhase section */
		CEE3763424CD0EC400DF0556 /* Frameworks */ = {
			isa = PBXFrameworksBuildPhase;
			buildActionMask = 2147483647;
			files = (
			);
			runOnlyForDeploymentPostprocessing = 0;
		};
		CEE3764A24CD0EC600DF0556 /* Frameworks */ = {
			isa = PBXFrameworksBuildPhase;
			buildActionMask = 2147483647;
			files = (
			);
			runOnlyForDeploymentPostprocessing = 0;
		};
		CEE3765524CD0EC600DF0556 /* Frameworks */ = {
			isa = PBXFrameworksBuildPhase;
			buildActionMask = 2147483647;
			files = (
			);
			runOnlyForDeploymentPostprocessing = 0;
		};
/* End PBXFrameworksBuildPhase section */

/* Begin PBXGroup section */
		CEE3762E24CD0EC400DF0556 = {
			isa = PBXGroup;
			children = (
				CEE3763924CD0EC400DF0556 /* SlideshowApp */,
				CEE3765024CD0EC600DF0556 /* SlideshowAppTests */,
				CEE3765B24CD0EC600DF0556 /* SlideshowAppUITests */,
				CEE3763824CD0EC400DF0556 /* Products */,
			);
			sourceTree = "<group>";
		};
		CEE3763824CD0EC400DF0556 /* Products */ = {
			isa = PBXGroup;
			children = (
				CEE3763724CD0EC400DF0556 /* SlideshowApp.app */,
				CEE3764D24CD0EC600DF0556 /* SlideshowAppTests.xctest */,
				CEE3765824CD0EC600DF0556 /* SlideshowAppUITests.xctest */,
			);
			name = Products;
			sourceTree = "<group>";
		};
		CEE3763924CD0EC400DF0556 /* SlideshowApp */ = {
			isa = PBXGroup;
			children = (
				CEE3763A24CD0EC400DF0556 /* AppDelegate.swift */,
				CEE3763C24CD0EC400DF0556 /* SceneDelegate.swift */,
				CEE3763E24CD0EC400DF0556 /* ViewController.swift */,
				CEE3766A24CDAC3A00DF0556 /* ShowPictureViewController.swift */,
				CEE3764024CD0EC400DF0556 /* Main.storyboard */,
				CEE3764324CD0EC600DF0556 /* Assets.xcassets */,
				CEE3764524CD0EC600DF0556 /* LaunchScreen.storyboard */,
				CEE3764824CD0EC600DF0556 /* Info.plist */,
			);
			path = SlideshowApp;
			sourceTree = "<group>";
		};
		CEE3765024CD0EC600DF0556 /* SlideshowAppTests */ = {
			isa = PBXGroup;
			children = (
				CEE3765124CD0EC600DF0556 /* SlideshowAppTests.swift */,
				CEE3765324CD0EC600DF0556 /* Info.plist */,
			);
			path = SlideshowAppTests;
			sourceTree = "<group>";
		};
		CEE3765B24CD0EC600DF0556 /* SlideshowAppUITests */ = {
			isa = PBXGroup;
			children = (
				CEE3765C24CD0EC600DF0556 /* SlideshowAppUITests.swift */,
				CEE3765E24CD0EC600DF0556 /* Info.plist */,
			);
			path = SlideshowAppUITests;
			sourceTree = "<group>";
		};
/* End PBXGroup section */

/* Begin PBXNativeTarget section */
		CEE3763624CD0EC400DF0556 /* SlideshowApp */ = {
			isa = PBXNativeTarget;
			buildConfigurationList = CEE3766124CD0EC600DF0556 /* Build configuration list for PBXNativeTarget "SlideshowApp" */;
			buildPhases = (
				CEE3763324CD0EC400DF0556 /* Sources */,
				CEE3763424CD0EC400DF0556 /* Frameworks */,
				CEE3763524CD0EC400DF0556 /* Resources */,
			);
			buildRules = (
			);
			dependencies = (
			);
			name = SlideshowApp;
			productName = SlideshowApp;
			productReference = CEE3763724CD0EC400DF0556 /* SlideshowApp.app */;
			productType = "com.apple.product-type.application";
		};
		CEE3764C24CD0EC600DF0556 /* SlideshowAppTests */ = {
			isa = PBXNativeTarget;
			buildConfigurationList = CEE3766424CD0EC600DF0556 /* Build configuration list for PBXNativeTarget "SlideshowAppTests" */;
			buildPhases = (
				CEE3764924CD0EC600DF0556 /* Sources */,
				CEE3764A24CD0EC600DF0556 /* Frameworks */,
				CEE3764B24CD0EC600DF0556 /* Resources */,
			);
			buildRules = (
			);
			dependencies = (
				CEE3764F24CD0EC600DF0556 /* PBXTargetDependency */,
			);
			name = SlideshowAppTests;
			productName = SlideshowAppTests;
			productReference = CEE3764D24CD0EC600DF0556 /* SlideshowAppTests.xctest */;
			productType = "com.apple.product-type.bundle.unit-test";
		};
		CEE3765724CD0EC600DF0556 /* SlideshowAppUITests */ = {
			isa = PBXNativeTarget;
			buildConfigurationList = CEE3766724CD0EC600DF0556 /* Build configuration list for PBXNativeTarget "SlideshowAppUITests" */;
			buildPhases = (
				CEE3765424CD0EC600DF0556 /* Sources */,
				CEE3765524CD0EC600DF0556 /* Frameworks */,
				CEE3765624CD0EC600DF0556 /* Resources */,
			);
			buildRules = (
			);
			dependencies = (
				CEE3765A24CD0EC600DF0556 /* PBXTargetDependency */,
			);
			name = SlideshowAppUITests;
			productName = SlideshowAppUITests;
			productReference = CEE3765824CD0EC600DF0556 /* SlideshowAppUITests.xctest */;
			productType = "com.apple.product-type.bundle.ui-testing";
		};
/* End PBXNativeTarget section */

/* Begin PBXProject section */
		CEE3762F24CD0EC400DF0556 /* Project object */ = {
			isa = PBXProject;
			attributes = {
				LastSwiftUpdateCheck = 1120;
				LastUpgradeCheck = 1120;
				ORGANIZATIONNAME = user;
				TargetAttributes = {
					CEE3763624CD0EC400DF0556 = {
						CreatedOnToolsVersion = 11.2;
					};
					CEE3764C24CD0EC600DF0556 = {
						CreatedOnToolsVersion = 11.2;
						TestTargetID = CEE3763624CD0EC400DF0556;
					};
					CEE3765724CD0EC600DF0556 = {
						CreatedOnToolsVersion = 11.2;
						TestTargetID = CEE3763624CD0EC400DF0556;
					};
				};
			};
			buildConfigurationList = CEE3763224CD0EC400DF0556 /* Build configuration list for PBXProject "SlideshowApp" */;
			compatibilityVersion = "Xcode 9.3";
			developmentRegion = en;
			hasScannedForEncodings = 0;
			knownRegions = (
				en,
				Base,
			);
			mainGroup = CEE3762E24CD0EC400DF0556;
			productRefGroup = CEE3763824CD0EC400DF0556 /* Products */;
			projectDirPath = "";
			projectRoot = "";
			targets = (
				CEE3763624CD0EC400DF0556 /* SlideshowApp */,
				CEE3764C24CD0EC600DF0556 /* SlideshowAppTests */,
				CEE3765724CD0EC600DF0556 /* SlideshowAppUITests */,
			);
		};
/* End PBXProject section */

/* Begin PBXResourcesBuildPhase section */
		CEE3763524CD0EC400DF0556 /* Resources */ = {
			isa = PBXResourcesBuildPhase;
			buildActionMask = 2147483647;
			files = (
				CEE3764724CD0EC600DF0556 /* LaunchScreen.storyboard in Resources */,
				CEE3764424CD0EC600DF0556 /* Assets.xcassets in Resources */,
				CEE3764224CD0EC400DF0556 /* Main.storyboard in Resources */,
			);
			runOnlyForDeploymentPostprocessing = 0;
		};
		CEE3764B24CD0EC600DF0556 /* Resources */ = {
			isa = PBXResourcesBuildPhase;
			buildActionMask = 2147483647;
			files = (
			);
			runOnlyForDeploymentPostprocessing = 0;
		};
		CEE3765624CD0EC600DF0556 /* Resources */ = {
			isa = PBXResourcesBuildPhase;
			buildActionMask = 2147483647;
			files = (
			);
			runOnlyForDeploymentPostprocessing = 0;
		};
/* End PBXResourcesBuildPhase section */

/* Begin PBXSourcesBuildPhase section */
		CEE3763324CD0EC400DF0556 /* Sources */ = {
			isa = PBXSourcesBuildPhase;
			buildActionMask = 2147483647;
			files = (
				CEE3763F24CD0EC400DF0556 /* ViewController.swift in Sources */,
				CEE3763B24CD0EC400DF0556 /* AppDelegate.swift in Sources */,
				CEE3766B24CDAC3A00DF0556 /* ShowPictureViewController.swift in Sources */,
				CEE3763D24CD0EC400DF0556 /* SceneDelegate.swift in Sources */,
			);
			runOnlyForDeploymentPostprocessing = 0;
		};
		CEE3764924CD0EC600DF0556 /* Sources */ = {
			isa = PBXSourcesBuildPhase;
			buildActionMask = 2147483647;
			files = (
				CEE3765224CD0EC600DF0556 /* SlideshowAppTests.swift in Sources */,
			);
			runOnlyForDeploymentPostprocessing = 0;
		};
		CEE3765424CD0EC600DF0556 /* Sources */ = {
			isa = PBXSourcesBuildPhase;
			buildActionMask = 2147483647;
			files = (
				CEE3765D24CD0EC600DF0556 /* SlideshowAppUITests.swift in Sources */,
			);
			runOnlyForDeploymentPostprocessing = 0;
		};
/* End PBXSourcesBuildPhase section */

/* Begin PBXTargetDependency section */
		CEE3764F24CD0EC600DF0556 /* PBXTargetDependency */ = {
			isa = PBXTargetDependency;
			target = CEE3763624CD0EC400DF0556 /* SlideshowApp */;
			targetProxy = CEE3764E24CD0EC600DF0556 /* PBXContainerItemProxy */;
		};
		CEE3765A24CD0EC600DF0556 /* PBXTargetDependency */ = {
			isa = PBXTargetDependency;
			target = CEE3763624CD0EC400DF0556 /* SlideshowApp */;
			targetProxy = CEE3765924CD0EC600DF0556 /* PBXContainerItemProxy */;
		};
/* End PBXTargetDependency section */

/* Begin PBXVariantGroup section */
		CEE3764024CD0EC400DF0556 /* Main.storyboard */ = {
			isa = PBXVariantGroup;
			children = (
				CEE3764124CD0EC400DF0556 /* Base */,
			);
			name = Main.storyboard;
			sourceTree = "<group>";
		};
		CEE3764524CD0EC600DF0556 /* LaunchScreen.storyboard */ = {
			isa = PBXVariantGroup;
			children = (
				CEE3764624CD0EC600DF0556 /* Base */,
			);
			name = LaunchScreen.storyboard;
			sourceTree = "<group>";
		};
/* End PBXVariantGroup section */

/* Begin XCBuildConfiguration section */
		CEE3765F24CD0EC600DF0556 /* Debug */ = {
			isa = XCBuildConfiguration;
			buildSettings = {
				ALWAYS_SEARCH_USER_PATHS = NO;
				CLANG_ANALYZER_NONNULL = YES;
				CLANG_ANALYZER_NUMBER_OBJECT_CONVERSION = YES_AGGRESSIVE;
				CLANG_CXX_LANGUAGE_STANDARD = "gnu++14";
				CLANG_CXX_LIBRARY = "libc++";
				CLANG_ENABLE_MODULES = YES;
				CLANG_ENABLE_OBJC_ARC = YES;
				CLANG_ENABLE_OBJC_WEAK = YES;
				CLANG_WARN_BLOCK_CAPTURE_AUTORELEASING = YES;
				CLANG_WARN_BOOL_CONVERSION = YES;
				CLANG_WARN_COMMA = YES;
				CLANG_WARN_CONSTANT_CONVERSION = YES;
				CLANG_WARN_DEPRECATED_OBJC_IMPLEMENTATIONS = YES;
				CLANG_WARN_DIRECT_OBJC_ISA_USAGE = YES_ERROR;
				CLANG_WARN_DOCUMENTATION_COMMENTS = YES;
				CLANG_WARN_EMPTY_BODY = YES;
				CLANG_WARN_ENUM_CONVERSION = YES;
				CLANG_WARN_INFINITE_RECURSION = YES;
				CLANG_WARN_INT_CONVERSION = YES;
				CLANG_WARN_NON_LITERAL_NULL_CONVERSION = YES;
				CLANG_WARN_OBJC_IMPLICIT_RETAIN_SELF = YES;
				CLANG_WARN_OBJC_LITERAL_CONVERSION = YES;
				CLANG_WARN_OBJC_ROOT_CLASS = YES_ERROR;
				CLANG_WARN_RANGE_LOOP_ANALYSIS = YES;
				CLANG_WARN_STRICT_PROTOTYPES = YES;
				CLANG_WARN_SUSPICIOUS_MOVE = YES;
				CLANG_WARN_UNGUARDED_AVAILABILITY = YES_AGGRESSIVE;
				CLANG_WARN_UNREACHABLE_CODE = YES;
				CLANG_WARN__DUPLICATE_METHOD_MATCH = YES;
				COPY_PHASE_STRIP = NO;
				DEBUG_INFORMATION_FORMAT = dwarf;
				ENABLE_STRICT_OBJC_MSGSEND = YES;
				ENABLE_TESTABILITY = YES;
				GCC_C_LANGUAGE_STANDARD = gnu11;
				GCC_DYNAMIC_NO_PIC = NO;
				GCC_NO_COMMON_BLOCKS = YES;
				GCC_OPTIMIZATION_LEVEL = 0;
				GCC_PREPROCESSOR_DEFINITIONS = (
					"DEBUG=1",
					"$(inherited)",
				);
				GCC_WARN_64_TO_32_BIT_CONVERSION = YES;
				GCC_WARN_ABOUT_RETURN_TYPE = YES_ERROR;
				GCC_WARN_UNDECLARED_SELECTOR = YES;
				GCC_WARN_UNINITIALIZED_AUTOS = YES_AGGRESSIVE;
				GCC_WARN_UNUSED_FUNCTION = YES;
				GCC_WARN_UNUSED_VARIABLE = YES;
				IPHONEOS_DEPLOYMENT_TARGET = 13.2;
				MTL_ENABLE_DEBUG_INFO = INCLUDE_SOURCE;
				MTL_FAST_MATH = YES;
				ONLY_ACTIVE_ARCH = YES;
				SDKROOT = iphoneos;
				SWIFT_ACTIVE_COMPILATION_CONDITIONS = DEBUG;
				SWIFT_OPTIMIZATION_LEVEL = "-Onone";
			};
			name = Debug;
		};
		CEE3766024CD0EC600DF0556 /* Release */ = {
			isa = XCBuildConfiguration;
			buildSettings = {
				ALWAYS_SEARCH_USER_PATHS = NO;
				CLANG_ANALYZER_NONNULL = YES;
				CLANG_ANALYZER_NUMBER_OBJECT_CONVERSION = YES_AGGRESSIVE;
				CLANG_CXX_LANGUAGE_STANDARD = "gnu++14";
				CLANG_CXX_LIBRARY = "libc++";
				CLANG_ENABLE_MODULES = YES;
				CLANG_ENABLE_OBJC_ARC = YES;
				CLANG_ENABLE_OBJC_WEAK = YES;
				CLANG_WARN_BLOCK_CAPTURE_AUTORELEASING = YES;
				CLANG_WARN_BOOL_CONVERSION = YES;
				CLANG_WARN_COMMA = YES;
				CLANG_WARN_CONSTANT_CONVERSION = YES;
				CLANG_WARN_DEPRECATED_OBJC_IMPLEMENTATIONS = YES;
				CLANG_WARN_DIRECT_OBJC_ISA_USAGE = YES_ERROR;
				CLANG_WARN_DOCUMENTATION_COMMENTS = YES;
				CLANG_WARN_EMPTY_BODY = YES;
				CLANG_WARN_ENUM_CONVERSION = YES;
				CLANG_WARN_INFINITE_RECURSION = YES;
				CLANG_WARN_INT_CONVERSION = YES;
				CLANG_WARN_NON_LITERAL_NULL_CONVERSION = YES;
				CLANG_WARN_OBJC_IMPLICIT_RETAIN_SELF = YES;
				CLANG_WARN_OBJC_LITERAL_CONVERSION = YES;
				CLANG_WARN_OBJC_ROOT_CLASS = YES_ERROR;
				CLANG_WARN_RANGE_LOOP_ANALYSIS = YES;
				CLANG_WARN_STRICT_PROTOTYPES = YES;
				CLANG_WARN_SUSPICIOUS_MOVE = YES;
				CLANG_WARN_UNGUARDED_AVAILABILITY = YES_AGGRESSIVE;
				CLANG_WARN_UNREACHABLE_CODE = YES;
				CLANG_WARN__DUPLICATE_METHOD_MATCH = YES;
				COPY_PHASE_STRIP = NO;
				DEBUG_INFORMATION_FORMAT = "dwarf-with-dsym";
				ENABLE_NS_ASSERTIONS = NO;
				ENABLE_STRICT_OBJC_MSGSEND = YES;
				GCC_C_LANGUAGE_STANDARD = gnu11;
				GCC_NO_COMMON_BLOCKS = YES;
				GCC_WARN_64_TO_32_BIT_CONVERSION = YES;
				GCC_WARN_ABOUT_RETURN_TYPE = YES_ERROR;
				GCC_WARN_UNDECLARED_SELECTOR = YES;
				GCC_WARN_UNINITIALIZED_AUTOS = YES_AGGRESSIVE;
				GCC_WARN_UNUSED_FUNCTION = YES;
				GCC_WARN_UNUSED_VARIABLE = YES;
				IPHONEOS_DEPLOYMENT_TARGET = 13.2;
				MTL_ENABLE_DEBUG_INFO = NO;
				MTL_FAST_MATH = YES;
				SDKROOT = iphoneos;
				SWIFT_COMPILATION_MODE = wholemodule;
				SWIFT_OPTIMIZATION_LEVEL = "-O";
				VALIDATE_PRODUCT = YES;
			};
			name = Release;
		};
		CEE3766224CD0EC600DF0556 /* Debug */ = {
			isa = XCBuildConfiguration;
			buildSettings = {
				ASSETCATALOG_COMPILER_APPICON_NAME = AppIcon;
				CODE_SIGN_STYLE = Automatic;
				DEVELOPMENT_TEAM = 2KB84KZYV6;
				INFOPLIST_FILE = SlideshowApp/Info.plist;
				LD_RUNPATH_SEARCH_PATHS = (
					"$(inherited)",
					"@executable_path/Frameworks",
				);
				PRODUCT_BUNDLE_IDENTIFIER = "user-team.SlideshowApp";
				PRODUCT_NAME = "$(TARGET_NAME)";
				SWIFT_VERSION = 5.0;
				TARGETED_DEVICE_FAMILY = "1,2";
			};
			name = Debug;
		};
		CEE3766324CD0EC600DF0556 /* Release */ = {
			isa = XCBuildConfiguration;
			buildSettings = {
				ASSETCATALOG_COMPILER_APPICON_NAME = AppIcon;
				CODE_SIGN_STYLE = Automatic;
				DEVELOPMENT_TEAM = 2KB84KZYV6;
				INFOPLIST_FILE = SlideshowApp/Info.plist;
				LD_RUNPATH_SEARCH_PATHS = (
					"$(inherited)",
					"@executable_path/Frameworks",
				);
				PRODUCT_BUNDLE_IDENTIFIER = "user-team.SlideshowApp";
				PRODUCT_NAME = "$(TARGET_NAME)";
				SWIFT_VERSION = 5.0;
				TARGETED_DEVICE_FAMILY = "1,2";
			};
			name = Release;
		};
		CEE3766524CD0EC600DF0556 /* Debug */ = {
			isa = XCBuildConfiguration;
			buildSettings = {
				ALWAYS_EMBED_SWIFT_STANDARD_LIBRARIES = YES;
				BUNDLE_LOADER = "$(TEST_HOST)";
				CODE_SIGN_STYLE = Automatic;
				DEVELOPMENT_TEAM = 2KB84KZYV6;
				INFOPLIST_FILE = SlideshowAppTests/Info.plist;
				IPHONEOS_DEPLOYMENT_TARGET = 13.2;
				LD_RUNPATH_SEARCH_PATHS = (
					"$(inherited)",
					"@executable_path/Frameworks",
					"@loader_path/Frameworks",
				);
				PRODUCT_BUNDLE_IDENTIFIER = "user-team.SlideshowAppTests";
				PRODUCT_NAME = "$(TARGET_NAME)";
				SWIFT_VERSION = 5.0;
				TARGETED_DEVICE_FAMILY = "1,2";
				TEST_HOST = "$(BUILT_PRODUCTS_DIR)/SlideshowApp.app/SlideshowApp";
			};
			name = Debug;
		};
		CEE3766624CD0EC600DF0556 /* Release */ = {
			isa = XCBuildConfiguration;
			buildSettings = {
				ALWAYS_EMBED_SWIFT_STANDARD_LIBRARIES = YES;
				BUNDLE_LOADER = "$(TEST_HOST)";
				CODE_SIGN_STYLE = Automatic;
				DEVELOPMENT_TEAM = 2KB84KZYV6;
				INFOPLIST_FILE = SlideshowAppTests/Info.plist;
				IPHONEOS_DEPLOYMENT_TARGET = 13.2;
				LD_RUNPATH_SEARCH_PATHS = (
					"$(inherited)",
					"@executable_path/Frameworks",
					"@loader_path/Frameworks",
				);
				PRODUCT_BUNDLE_IDENTIFIER = "user-team.SlideshowAppTests";
				PRODUCT_NAME = "$(TARGET_NAME)";
				SWIFT_VERSION = 5.0;
				TARGETED_DEVICE_FAMILY = "1,2";
				TEST_HOST = "$(BUILT_PRODUCTS_DIR)/SlideshowApp.app/SlideshowApp";
			};
			name = Release;
		};
		CEE3766824CD0EC600DF0556 /* Debug */ = {
			isa = XCBuildConfiguration;
			buildSettings = {
				ALWAYS_EMBED_SWIFT_STANDARD_LIBRARIES = YES;
				CODE_SIGN_STYLE = Automatic;
				DEVELOPMENT_TEAM = 2KB84KZYV6;
				INFOPLIST_FILE = SlideshowAppUITests/Info.plist;
				LD_RUNPATH_SEARCH_PATHS = (
					"$(inherited)",
					"@executable_path/Frameworks",
					"@loader_path/Frameworks",
				);
				PRODUCT_BUNDLE_IDENTIFIER = "user-team.SlideshowAppUITests";
				PRODUCT_NAME = "$(TARGET_NAME)";
				SWIFT_VERSION = 5.0;
				TARGETED_DEVICE_FAMILY = "1,2";
				TEST_TARGET_NAME = SlideshowApp;
			};
			name = Debug;
		};
		CEE3766924CD0EC600DF0556 /* Release */ = {
			isa = XCBuildConfiguration;
			buildSettings = {
				ALWAYS_EMBED_SWIFT_STANDARD_LIBRARIES = YES;
				CODE_SIGN_STYLE = Automatic;
				DEVELOPMENT_TEAM = 2KB84KZYV6;
				INFOPLIST_FILE = SlideshowAppUITests/Info.plist;
				LD_RUNPATH_SEARCH_PATHS = (
					"$(inherited)",
					"@executable_path/Frameworks",
					"@loader_path/Frameworks",
				);
				PRODUCT_BUNDLE_IDENTIFIER = "user-team.SlideshowAppUITests";
				PRODUCT_NAME = "$(TARGET_NAME)";
				SWIFT_VERSION = 5.0;
				TARGETED_DEVICE_FAMILY = "1,2";
				TEST_TARGET_NAME = SlideshowApp;
			};
			name = Release;
		};
/* End XCBuildConfiguration section */

/* Begin XCConfigurationList section */
		CEE3763224CD0EC400DF0556 /* Build configuration list for PBXProject "SlideshowApp" */ = {
			isa = XCConfigurationList;
			buildConfigurations = (
				CEE3765F24CD0EC600DF0556 /* Debug */,
				CEE3766024CD0EC600DF0556 /* Release */,
			);
			defaultConfigurationIsVisible = 0;
			defaultConfigurationName = Release;
		};
		CEE3766124CD0EC600DF0556 /* Build configuration list for PBXNativeTarget "SlideshowApp" */ = {
			isa = XCConfigurationList;
			buildConfigurations = (
				CEE3766224CD0EC600DF0556 /* Debug */,
				CEE3766324CD0EC600DF0556 /* Release */,
			);
			defaultConfigurationIsVisible = 0;
			defaultConfigurationName = Release;
		};
		CEE3766424CD0EC600DF0556 /* Build configuration list for PBXNativeTarget "SlideshowAppTests" */ = {
			isa = XCConfigurationList;
			buildConfigurations = (
				CEE3766524CD0EC600DF0556 /* Debug */,
				CEE3766624CD0EC600DF0556 /* Release */,
			);
			defaultConfigurationIsVisible = 0;
			defaultConfigurationName = Release;
		};
		CEE3766724CD0EC600DF0556 /* Build configuration list for PBXNativeTarget "SlideshowAppUITests" */ = {
			isa = XCConfigurationList;
			buildConfigurations = (
				CEE3766824CD0EC600DF0556 /* Debug */,
				CEE3766924CD0EC600DF0556 /* Release */,
			);
			defaultConfigurationIsVisible = 0;
			defaultConfigurationName = Release;
		};
/* End XCConfigurationList section */
	};
	rootObject = CEE3762F24CD0EC400DF0556 /* Project object */;
}
